
Microsoft Visual Studio Solution File, Format Version 12.00
# Visual Studio Version 17
VisualStudioVersion = 17.1.32328.378
MinimumVisualStudioVersion = 10.0.40219.1
Project("{9A19103F-16F7-4668-BE54-9A1E7A4F7556}") = "LetsCrypt", "LetsCrypt\LetsCrypt.csproj", "{C4E02E17-DCE3-4845-B2EE-6BFCF4B21EB9}"
EndProject
Project("{2150E333-8FDC-42A3-9474-1A3956D46DE8}") = "_Libs", "_Libs", "{10289A73-F71E-46CA-A5C3-A818DCBA4B60}"
EndProject
Project("{9A19103F-16F7-4668-BE54-9A1E7A4F7556}") = "LetsCrypt.Services", "_Libs\LetsCrypt.Services\LetsCrypt.Services.csproj", "{43C2F3C8-6C64-4C6C-A59E-A837BABC69EE}"
EndProject
Global
	GlobalSection(SolutionConfigurationPlatforms) = preSolution
		Debug|Any CPU = Debug|Any CPU
		Release|Any CPU = Release|Any CPU
	EndGlobalSection
	GlobalSection(ProjectConfigurationPlatforms) = postSolution
		{C4E02E17-DCE3-4845-B2EE-6BFCF4B21EB9}.Debug|Any CPU.ActiveCfg = Debug|Any CPU
		{C4E02E17-DCE3-4845-B2EE-6BFCF4B21EB9}.Debug|Any CPU.Build.0 = Debug|Any CPU
		{C4E02E17-DCE3-4845-B2EE-6BFCF4B21EB9}.Release|Any CPU.ActiveCfg = Release|Any CPU
		{C4E02E17-DCE3-4845-B2EE-6BFCF4B21EB9}.Release|Any CPU.Build.0 = Release|Any CPU
		{43C2F3C8-6C64-4C6C-A59E-A837BABC69EE}.Debug|Any CPU.ActiveCfg = Debug|Any CPU
		{43C2F3C8-6C64-4C6C-A59E-A837BABC69EE}.Debug|Any CPU.Build.0 = Debug|Any CPU
		{43C2F3C8-6C64-4C6C-A59E-A837BABC69EE}.Release|Any CPU.ActiveCfg = Release|Any CPU
		{43C2F3C8-6C64-4C6C-A59E-A837BABC69EE}.Release|Any CPU.Build.0 = Release|Any CPU
	EndGlobalSection
	GlobalSection(SolutionProperties) = preSolution
		HideSolutionNode = FALSE
	EndGlobalSection
	GlobalSection(NestedProjects) = preSolution
		{43C2F3C8-6C64-4C6C-A59E-A837BABC69EE} = {10289A73-F71E-46CA-A5C3-A818DCBA4B60}
	EndGlobalSection
	GlobalSection(ExtensibilityGlobals) = postSolution
		SolutionGuid = {D78DA611-1487-4234-B257-89E86249922F}
	EndGlobalSection
	GlobalSection(TeamFoundationVersionControl) = preSolution
		SccNumberOfProjects = 3
		SccEnterpriseProvider = {4CA58AB2-18FA-4F8D-95D4-32DDF27D184C}
		SccTeamFoundationServer = https://tfs.starsoft.nl/defaultcollection
		SccLocalPath0 = .
		SccProjectUniqueName1 = _Libs\\LetsCrypt.Services\\LetsCrypt.Services.csproj
		SccProjectTopLevelParentUniqueName1 = Lets\u0020Crypt\u00201.sln
		SccProjectName1 = _Libs/LetsCrypt.Services
		SccLocalPath1 = _Libs\\LetsCrypt.Services
		SccProjectUniqueName2 = LetsCrypt\\LetsCrypt.csproj
		SccProjectName2 = LetsCrypt
		SccLocalPath2 = LetsCrypt
	EndGlobalSection
EndGlobal
